// !$*UTF8*$!
{
	archiveVersion = 1;
	classes = {
	};
	objectVersion = 46;
	objects = {

/* Begin PBXBuildFile section */
		5D84721A137C63EA0049AB7A /* Foundation.framework in Frameworks */ = {isa = PBXBuildFile; fileRef = 5D847219137C63EA0049AB7A /* Foundation.framework */; };
		5D84721D137C63EA0049AB7A /* main.m in Sources */ = {isa = PBXBuildFile; fileRef = 5D84721C137C63EA0049AB7A /* main.m */; };
		5D847227137C64290049AB7A /* Cocoa.framework in Frameworks */ = {isa = PBXBuildFile; fileRef = 5D847226137C64290049AB7A /* Cocoa.framework */; };
/* End PBXBuildFile section */

/* Begin PBXCopyFilesBuildPhase section */
		5D847213137C63EA0049AB7A /* CopyFiles */ = {
			isa = PBXCopyFilesBuildPhase;
			buildActionMask = 2147483647;
			dstPath = /usr/share/man/man1/;
			dstSubfolderSpec = 0;
			files = (
			);
			runOnlyForDeploymentPostprocessing = 1;
		};
/* End PBXCopyFilesBuildPhase section */

/* Begin PBXFileReference section */
		5D847215137C63EA0049AB7A /* RGBtoCMYK */ = {isa = PBXFileReference; explicitFileType = "compiled.mach-o.executable"; includeInIndex = 0; path = RGBtoCMYK; sourceTree = BUILT_PRODUCTS_DIR; };
		5D847219137C63EA0049AB7A /* Foundation.framework */ = {isa = PBXFileReference; lastKnownFileType = wrapper.framework; name = Foundation.framework; path = System/Library/Frameworks/Foundation.framework; sourceTree = SDKROOT; };
		5D84721C137C63EA0049AB7A /* main.m */ = {isa = PBXFileReference; lastKnownFileType = sourcecode.c.objc; path = main.m; sourceTree = "<group>"; };
		5D84721F137C63EA0049AB7A /* RGBtoCMYK-Prefix.pch */ = {isa = PBXFileReference; lastKnownFileType = sourcecode.c.h; path = "RGBtoCMYK-Prefix.pch"; sourceTree = "<group>"; };
		5D847220137C63EA0049AB7A /* RGBtoCMYK.1 */ = {isa = PBXFileReference; lastKnownFileType = text.man; path = RGBtoCMYK.1; sourceTree = "<group>"; };
		5D847226137C64290049AB7A /* Cocoa.framework */ = {isa = PBXFileReference; lastKnownFileType = wrapper.framework; name = Cocoa.framework; path = System/Library/Frameworks/Cocoa.framework; sourceTree = SDKROOT; };
/* End PBXFileReference section */

/* Begin PBXFrameworksBuildPhase section */
		5D847212137C63EA0049AB7A /* Frameworks */ = {
			isa = PBXFrameworksBuildPhase;
			buildActionMask = 2147483647;
			files = (
				5D847227137C64290049AB7A /* Cocoa.framework in Frameworks */,
				5D84721A137C63EA0049AB7A /* Foundation.framework in Frameworks */,
			);
			runOnlyForDeploymentPostprocessing = 0;
		};
/* End PBXFrameworksBuildPhase section */

/* Begin PBXGroup section */
		5D84720A137C63E90049AB7A = {
			isa = PBXGroup;
			children = (
				5D84721B137C63EA0049AB7A /* RGBtoCMYK */,
				5D847218137C63EA0049AB7A /* Frameworks */,
				5D847216137C63EA0049AB7A /* Products */,
			);
			sourceTree = "<group>";
		};
		5D847216137C63EA0049AB7A /* Products */ = {
			isa = PBXGroup;
			children = (
				5D847215137C63EA0049AB7A /* RGBtoCMYK */,
			);
			name = Products;
			sourceTree = "<group>";
		};
		5D847218137C63EA0049AB7A /* Frameworks */ = {
			isa = PBXGroup;
			children = (
				5D847226137C64290049AB7A /* Cocoa.framework */,
				5D847219137C63EA0049AB7A /* Foundation.framework */,
			);
			name = Frameworks;
			sourceTree = "<group>";
		};
		5D84721B137C63EA0049AB7A /* RGBtoCMYK */ = {
			isa = PBXGroup;
			children = (
				5D84721C137C63EA0049AB7A /* main.m */,
				5D847220137C63EA0049AB7A /* RGBtoCMYK.1 */,
				5D84721E137C63EA0049AB7A /* Supporting Files */,
			);
			path = RGBtoCMYK;
			sourceTree = "<group>";
		};
		5D84721E137C63EA0049AB7A /* Supporting Files */ = {
			isa = PBXGroup;
			children = (
				5D84721F137C63EA0049AB7A /* RGBtoCMYK-Prefix.pch */,
			);
			name = "Supporting Files";
			sourceTree = "<group>";
		};
/* End PBXGroup section */

/* Begin PBXNativeTarget section */
		5D847214137C63EA0049AB7A /* RGBtoCMYK */ = {
			isa = PBXNativeTarget;
			buildConfigurationList = 5D847223137C63EA0049AB7A /* Build configuration list for PBXNativeTarget "RGBtoCMYK" */;
			buildPhases = (
				5D847211137C63EA0049AB7A /* Sources */,
				5D847212137C63EA0049AB7A /* Frameworks */,
				5D847213137C63EA0049AB7A /* CopyFiles */,
			);
			buildRules = (
			);
			dependencies = (
			);
			name = RGBtoCMYK;
			productName = RGBtoCMYK;
			productReference = 5D847215137C63EA0049AB7A /* RGBtoCMYK */;
			productType = "com.apple.product-type.tool";
		};
/* End PBXNativeTarget section */

/* Begin PBXProject section */
		5D84720C137C63E90049AB7A /* Project object */ = {
			isa = PBXProject;
			buildConfigurationList = 5D84720F137C63E90049AB7A /* Build configuration list for PBXProject "RGBtoCMYK" */;
			compatibilityVersion = "Xcode 3.2";
			developmentRegion = English;
			hasScannedForEncodings = 0;
			knownRegions = (
				en,
			);
			mainGroup = 5D84720A137C63E90049AB7A;
			productRefGroup = 5D847216137C63EA0049AB7A /* Products */;
			projectDirPath = "";
			projectRoot = "";
			targets = (
				5D847214137C63EA0049AB7A /* RGBtoCMYK */,
			);
		};
/* End PBXProject section */

/* Begin PBXSourcesBuildPhase section */
		5D847211137C63EA0049AB7A /* Sources */ = {
			isa = PBXSourcesBuildPhase;
			buildActionMask = 2147483647;
			files = (
				5D84721D137C63EA0049AB7A /* main.m in Sources */,
			);
			runOnlyForDeploymentPostprocessing = 0;
		};
/* End PBXSourcesBuildPhase section */

/* Begin XCBuildConfiguration section */
		5D847221137C63EA0049AB7A /* Debug */ = {
			isa = XCBuildConfiguration;
			buildSettings = {
				ARCHS = "$(ARCHS_STANDARD_32_64_BIT)";
				GCC_C_LANGUAGE_STANDARD = gnu99;
				GCC_OPTIMIZATION_LEVEL = 0;
				GCC_PREPROCESSOR_DEFINITIONS = DEBUG;
				GCC_SYMBOLS_PRIVATE_EXTERN = NO;
				GCC_VERSION = com.apple.compilers.llvm.clang.1_0;
				GCC_WARN_64_TO_32_BIT_CONVERSION = YES;
				GCC_WARN_ABOUT_RETURN_TYPE = YES;
				GCC_WARN_UNUSED_VARIABLE = YES;
				MACOSX_DEPLOYMENT_TARGET = 10.6;
				ONLY_ACTIVE_ARCH = YES;
				SDKROOT = macosx;
			};
			name = Debug;
		};
		5D847222137C63EA0049AB7A /* Release */ = {
			isa = XCBuildConfiguration;
			buildSettings = {
				ARCHS = "$(ARCHS_STANDARD_32_64_BIT)";
				GCC_C_LANGUAGE_STANDARD = gnu99;
				GCC_VERSION = com.apple.compilers.llvm.clang.1_0;
				GCC_WARN_64_TO_32_BIT_CONVERSION = YES;
				GCC_WARN_ABOUT_RETURN_TYPE = YES;
				GCC_WARN_UNUSED_VARIABLE = YES;
				MACOSX_DEPLOYMENT_TARGET = 10.6;
				SDKROOT = macosx;
			};
			name = Release;
		};
		5D847224137C63EA0049AB7A /* Debug */ = {
			isa = XCBuildConfiguration;
			buildSettings = {
				ALWAYS_SEARCH_USER_PATHS = NO;
				COPY_PHASE_STRIP = NO;
				GCC_DYNAMIC_NO_PIC = NO;
				GCC_ENABLE_OBJC_EXCEPTIONS = YES;
				GCC_PRECOMPILE_PREFIX_HEADER = YES;
				GCC_PREFIX_HEADER = "RGBtoCMYK/RGBtoCMYK-Prefix.pch";
				PRODUCT_NAME = "$(TARGET_NAME)";
			};
			name = Debug;
		};
		5D847225137C63EA0049AB7A /* Release */ = {
			isa = XCBuildConfiguration;
			buildSettings = {
				ALWAYS_SEARCH_USER_PATHS = NO;
				COPY_PHASE_STRIP = YES;
				DEBUG_INFORMATION_FORMAT = "dwarf-with-dsym";
				GCC_ENABLE_OBJC_EXCEPTIONS = YES;
				GCC_PRECOMPILE_PREFIX_HEADER = YES;
				GCC_PREFIX_HEADER = "RGBtoCMYK/RGBtoCMYK-Prefix.pch";
				PRODUCT_NAME = "$(TARGET_NAME)";
			};
			name = Release;
		};
/* End XCBuildConfiguration section */

/* Begin XCConfigurationList section */
		5D84720F137C63E90049AB7A /* Build configuration list for PBXProject "RGBtoCMYK" */ = {
			isa = XCConfigurationList;
			buildConfigurations = (
				5D847221137C63EA0049AB7A /* Debug */,
				5D847222137C63EA0049AB7A /* Release */,
			);
			defaultConfigurationIsVisible = 0;
			defaultConfigurationName = Release;
		};
		5D847223137C63EA0049AB7A /* Build configuration list for PBXNativeTarget "RGBtoCMYK" */ = {
			isa = XCConfigurationList;
			buildConfigurations = (
				5D847224137C63EA0049AB7A /* Debug */,
				5D847225137C63EA0049AB7A /* Release */,
			);
			defaultConfigurationIsVisible = 0;
		};
/* End XCConfigurationList section */
	};
	rootObject = 5D84720C137C63E90049AB7A /* Project object */;
}
